{
  "version": 4,
  "terraform_version": "1.5.5",
  "serial": 22,
  "lineage": "3fffbd2d-3193-dbde-e4ec-4161f53d0346",
  "outputs": {
    "id-for-for-route-table-that-includes-the-nat-gateway": {
      "value": "ocid1.routetable.oc1.mx-queretaro-1.aaaaaaaay253ekqirhhfqqg2hyt6hpcihx4jxguehjidjde2hed5df6chflq",
      "type": "string"
    },
    "id-for-route-table-that-includes-the-internet-gateway": {
      "value": "ocid1.routetable.oc1.mx-queretaro-1.aaaaaaaaz2tij3yk4hao3icwz5utonp5n5mmvivzxw4dxk273o4gaoyv5cka",
      "type": "string"
    },
    "nat-gateway-id": {
      "value": "ocid1.natgateway.oc1.mx-queretaro-1.aaaaaaaaww6go5kvadbeeyluhzt3tnockzxiep44pgluesgry5xt4vdx5g6a",
      "type": "string"
    },
    "private-security-list-OCID": {
      "value": "ocid1.securitylist.oc1.mx-queretaro-1.aaaaaaaatwkytfikcznwdmoajxjseswbznmmagaggihlkyksaa4zlx7zhviq",
      "type": "string"
    },
    "private-security-list-name": {
      "value": "security-list-for-private-subnet",
      "type": "string"
    },
    "public-security-list-OCID": {
      "value": "ocid1.securitylist.oc1.mx-queretaro-1.aaaaaaaan2kgx2fxjl3f7irbk7m2l6w2ywwnaqzkwftazj63zntjgy5nha3q",
      "type": "string"
    },
    "public-security-list-name": {
      "value": "security-list-for-public-subnet",
      "type": "string"
    },
    "vcn_id": {
      "value": "ocid1.vcn.oc1.mx-queretaro-1.amaaaaaaj4bgstya6fsisid7mn2ti6o2soiuefvqnoxu4vwjapn4wgw7ob2a",
      "type": "string"
    }
  },
  "resources": [
    {
      "mode": "managed",
      "type": "oci_core_security_list",
      "name": "private-security-list",
      "provider": "provider[\"registry.terraform.io/hashicorp/oci\"]",
      "instances": [
        {
          "schema_version": 0,
          "attributes": {
            "compartment_id": "ocid1.compartment.oc1..aaaaaaaaanuexwp2hslm6ihctfgrgtkwbn2ozsixptvdn6b7gfnb23bts2ya",
            "defined_tags": {
              "Oracle-Tags.CreatedBy": "oracleidentitycloudservice/kelvinnb@estudiantec.cr",
              "Oracle-Tags.CreatedOn": "2023-09-24T22:21:05.756Z"
            },
            "display_name": "security-list-for-private-subnet",
            "egress_security_rules": [
              {
                "description": "",
                "destination": "0.0.0.0/0",
                "destination_type": "CIDR_BLOCK",
                "icmp_options": [],
                "protocol": "all",
                "stateless": false,
                "tcp_options": [],
                "udp_options": []
              }
            ],
            "freeform_tags": {},
            "id": "ocid1.securitylist.oc1.mx-queretaro-1.aaaaaaaatwkytfikcznwdmoajxjseswbznmmagaggihlkyksaa4zlx7zhviq",
            "ingress_security_rules": [
              {
                "description": "",
                "icmp_options": [],
                "protocol": "17",
                "source": "0.0.0.0/0",
                "source_type": "CIDR_BLOCK",
                "stateless": false,
                "tcp_options": [],
                "udp_options": [
                  {
                    "max": 20000,
                    "min": 10000,
                    "source_port_range": []
                  }
                ]
              },
              {
                "description": "",
                "icmp_options": [],
                "protocol": "17",
                "source": "0.0.0.0/0",
                "source_type": "CIDR_BLOCK",
                "stateless": false,
                "tcp_options": [],
                "udp_options": [
                  {
                    "max": 4569,
                    "min": 4569,
                    "source_port_range": []
                  }
                ]
              },
              {
                "description": "",
                "icmp_options": [],
                "protocol": "17",
                "source": "0.0.0.0/0",
                "source_type": "CIDR_BLOCK",
                "stateless": false,
                "tcp_options": [],
                "udp_options": [
                  {
                    "max": 5060,
                    "min": 5060,
                    "source_port_range": []
                  }
                ]
              },
              {
                "description": "",
                "icmp_options": [],
                "protocol": "6",
                "source": "0.0.0.0/0",
                "source_type": "CIDR_BLOCK",
                "stateless": false,
                "tcp_options": [
                  {
                    "max": 20000,
                    "min": 10000,
                    "source_port_range": []
                  }
                ],
                "udp_options": []
              },
              {
                "description": "",
                "icmp_options": [],
                "protocol": "6",
                "source": "0.0.0.0/0",
                "source_type": "CIDR_BLOCK",
                "stateless": false,
                "tcp_options": [
                  {
                    "max": 22,
                    "min": 22,
                    "source_port_range": []
                  }
                ],
                "udp_options": []
              },
              {
                "description": "",
                "icmp_options": [],
                "protocol": "6",
                "source": "0.0.0.0/0",
                "source_type": "CIDR_BLOCK",
                "stateless": false,
                "tcp_options": [
                  {
                    "max": 443,
                    "min": 443,
                    "source_port_range": []
                  }
                ],
                "udp_options": []
              },
              {
                "description": "",
                "icmp_options": [],
                "protocol": "6",
                "source": "0.0.0.0/0",
                "source_type": "CIDR_BLOCK",
                "stateless": false,
                "tcp_options": [
                  {
                    "max": 80,
                    "min": 80,
                    "source_port_range": []
                  }
                ],
                "udp_options": []
              },
              {
                "description": "",
                "icmp_options": [],
                "protocol": "all",
                "source": "20.0.0.0/24",
                "source_type": "CIDR_BLOCK",
                "stateless": false,
                "tcp_options": [],
                "udp_options": []
              }
            ],
            "state": "AVAILABLE",
            "time_created": "2023-09-24 22:21:05.802 +0000 UTC",
            "timeouts": null,
            "vcn_id": "ocid1.vcn.oc1.mx-queretaro-1.amaaaaaaj4bgstya6fsisid7mn2ti6o2soiuefvqnoxu4vwjapn4wgw7ob2a"
          },
          "sensitive_attributes": [],
          "private": "eyJlMmJmYjczMC1lY2FhLTExZTYtOGY4OC0zNDM2M2JjN2M0YzAiOnsiY3JlYXRlIjoxMjAwMDAwMDAwMDAwLCJkZWxldGUiOjEyMDAwMDAwMDAwMDAsInVwZGF0ZSI6MTIwMDAwMDAwMDAwMH19",
          "dependencies": [
            "module.vcn.oci_core_vcn.vcn"
          ]
        }
      ]
    },
    {
      "mode": "managed",
      "type": "oci_core_security_list",
      "name": "public-security-list",
      "provider": "provider[\"registry.terraform.io/hashicorp/oci\"]",
      "instances": [
        {
          "schema_version": 0,
          "attributes": {
            "compartment_id": "ocid1.compartment.oc1..aaaaaaaaanuexwp2hslm6ihctfgrgtkwbn2ozsixptvdn6b7gfnb23bts2ya",
            "defined_tags": {
              "Oracle-Tags.CreatedBy": "oracleidentitycloudservice/kelvinnb@estudiantec.cr",
              "Oracle-Tags.CreatedOn": "2023-09-24T22:13:32.933Z"
            },
            "display_name": "security-list-for-public-subnet",
            "egress_security_rules": [
              {
                "description": "",
                "destination": "0.0.0.0/0",
                "destination_type": "CIDR_BLOCK",
                "icmp_options": [],
                "protocol": "all",
                "stateless": false,
                "tcp_options": [],
                "udp_options": []
              }
            ],
            "freeform_tags": {},
            "id": "ocid1.securitylist.oc1.mx-queretaro-1.aaaaaaaan2kgx2fxjl3f7irbk7m2l6w2ywwnaqzkwftazj63zntjgy5nha3q",
            "ingress_security_rules": [
              {
                "description": "",
                "icmp_options": [],
                "protocol": "17",
                "source": "0.0.0.0/0",
                "source_type": "CIDR_BLOCK",
                "stateless": false,
                "tcp_options": [],
                "udp_options": [
                  {
                    "max": 20000,
                    "min": 10000,
                    "source_port_range": []
                  }
                ]
              },
              {
                "description": "",
                "icmp_options": [],
                "protocol": "17",
                "source": "0.0.0.0/0",
                "source_type": "CIDR_BLOCK",
                "stateless": false,
                "tcp_options": [],
                "udp_options": [
                  {
                    "max": 4569,
                    "min": 4569,
                    "source_port_range": []
                  }
                ]
              },
              {
                "description": "",
                "icmp_options": [],
                "protocol": "17",
                "source": "0.0.0.0/0",
                "source_type": "CIDR_BLOCK",
                "stateless": false,
                "tcp_options": [],
                "udp_options": [
                  {
                    "max": 5060,
                    "min": 5060,
                    "source_port_range": []
                  }
                ]
              },
              {
                "description": "",
                "icmp_options": [],
                "protocol": "6",
                "source": "0.0.0.0/0",
                "source_type": "CIDR_BLOCK",
                "stateless": false,
                "tcp_options": [
                  {
                    "max": 20000,
                    "min": 10000,
                    "source_port_range": []
                  }
                ],
                "udp_options": []
              },
              {
                "description": "",
                "icmp_options": [],
                "protocol": "6",
                "source": "0.0.0.0/0",
                "source_type": "CIDR_BLOCK",
                "stateless": false,
                "tcp_options": [
                  {
                    "max": 22,
                    "min": 22,
                    "source_port_range": []
                  }
                ],
                "udp_options": []
              },
              {
                "description": "",
                "icmp_options": [],
                "protocol": "6",
                "source": "0.0.0.0/0",
                "source_type": "CIDR_BLOCK",
                "stateless": false,
                "tcp_options": [
                  {
                    "max": 443,
                    "min": 443,
                    "source_port_range": []
                  }
                ],
                "udp_options": []
              },
              {
                "description": "",
                "icmp_options": [],
                "protocol": "6",
                "source": "0.0.0.0/0",
                "source_type": "CIDR_BLOCK",
                "stateless": false,
                "tcp_options": [
                  {
                    "max": 80,
                    "min": 80,
                    "source_port_range": []
                  }
                ],
                "udp_options": []
              },
              {
                "description": "",
                "icmp_options": [],
                "protocol": "all",
                "source": "20.0.1.0/24",
                "source_type": "CIDR_BLOCK",
                "stateless": false,
                "tcp_options": [],
                "udp_options": []
              }
            ],
            "state": "AVAILABLE",
            "time_created": "2023-09-24 22:13:32.965 +0000 UTC",
            "timeouts": null,
            "vcn_id": "ocid1.vcn.oc1.mx-queretaro-1.amaaaaaaj4bgstya6fsisid7mn2ti6o2soiuefvqnoxu4vwjapn4wgw7ob2a"
          },
          "sensitive_attributes": [],
          "private": "eyJlMmJmYjczMC1lY2FhLTExZTYtOGY4OC0zNDM2M2JjN2M0YzAiOnsiY3JlYXRlIjoxMjAwMDAwMDAwMDAwLCJkZWxldGUiOjEyMDAwMDAwMDAwMDAsInVwZGF0ZSI6MTIwMDAwMDAwMDAwMH19",
          "dependencies": [
            "module.vcn.oci_core_vcn.vcn"
          ]
        }
      ]
    },
    {
      "mode": "managed",
      "type": "oci_core_subnet",
      "name": "vcn-private-subnet",
      "provider": "provider[\"registry.terraform.io/hashicorp/oci\"]",
      "instances": [
        {
          "schema_version": 0,
          "attributes": {
            "availability_domain": null,
            "cidr_block": "10.0.1.0/24",
            "compartment_id": "ocid1.compartment.oc1..aaaaaaaaanuexwp2hslm6ihctfgrgtkwbn2ozsixptvdn6b7gfnb23bts2ya",
            "defined_tags": {
              "Oracle-Tags.CreatedBy": "oracleidentitycloudservice/kelvinnb@estudiantec.cr",
              "Oracle-Tags.CreatedOn": "2023-09-24T22:21:06.205Z"
            },
            "dhcp_options_id": "ocid1.dhcpoptions.oc1.mx-queretaro-1.aaaaaaaajywx5yvb4h3eos6a56xyalfnljtngzrp7czfqix5v7i5yapsrlaa",
            "display_name": "private-subnet",
            "dns_label": null,
            "freeform_tags": {},
            "id": "ocid1.subnet.oc1.mx-queretaro-1.aaaaaaaab3aetonzuif54weqiggkhoypxtyqodkywocg7wnoawssbylrfoia",
            "ipv6cidr_block": null,
            "ipv6cidr_blocks": [],
            "ipv6virtual_router_ip": null,
            "prohibit_internet_ingress": false,
            "prohibit_public_ip_on_vnic": false,
            "route_table_id": "ocid1.routetable.oc1.mx-queretaro-1.aaaaaaaay253ekqirhhfqqg2hyt6hpcihx4jxguehjidjde2hed5df6chflq",
            "security_list_ids": [
              "ocid1.securitylist.oc1.mx-queretaro-1.aaaaaaaatwkytfikcznwdmoajxjseswbznmmagaggihlkyksaa4zlx7zhviq"
            ],
            "state": "AVAILABLE",
            "subnet_domain_name": null,
            "time_created": "2023-09-24 22:21:06.247 +0000 UTC",
            "timeouts": null,
            "vcn_id": "ocid1.vcn.oc1.mx-queretaro-1.amaaaaaaj4bgstya6fsisid7mn2ti6o2soiuefvqnoxu4vwjapn4wgw7ob2a",
            "virtual_router_ip": "10.0.1.1",
            "virtual_router_mac": "00:00:17:93:DB:DC"
          },
          "sensitive_attributes": [],
          "private": "eyJlMmJmYjczMC1lY2FhLTExZTYtOGY4OC0zNDM2M2JjN2M0YzAiOnsiY3JlYXRlIjoxMjAwMDAwMDAwMDAwLCJkZWxldGUiOjEyMDAwMDAwMDAwMDAsInVwZGF0ZSI6MTIwMDAwMDAwMDAwMH19",
          "dependencies": [
            "module.vcn.oci_core_route_table.nat",
            "module.vcn.oci_core_vcn.vcn",
            "oci_core_security_list.private-security-list"
          ]
        }
      ]
    },
    {
      "mode": "managed",
      "type": "oci_core_subnet",
      "name": "vcn-public-subnet",
      "provider": "provider[\"registry.terraform.io/hashicorp/oci\"]",
      "instances": [
        {
          "schema_version": 0,
          "attributes": {
            "availability_domain": null,
            "cidr_block": "10.0.0.0/24",
            "compartment_id": "ocid1.compartment.oc1..aaaaaaaaanuexwp2hslm6ihctfgrgtkwbn2ozsixptvdn6b7gfnb23bts2ya",
            "defined_tags": {
              "Oracle-Tags.CreatedBy": "oracleidentitycloudservice/kelvinnb@estudiantec.cr",
              "Oracle-Tags.CreatedOn": "2023-09-24T21:46:45.631Z"
            },
            "dhcp_options_id": "ocid1.dhcpoptions.oc1.mx-queretaro-1.aaaaaaaajywx5yvb4h3eos6a56xyalfnljtngzrp7czfqix5v7i5yapsrlaa",
            "display_name": "public-subnet",
            "dns_label": null,
            "freeform_tags": {},
            "id": "ocid1.subnet.oc1.mx-queretaro-1.aaaaaaaahidashai3bh3jzanvhdbazpxjily2kf524v747rel3u34ijtmywa",
            "ipv6cidr_block": null,
            "ipv6cidr_blocks": [],
            "ipv6virtual_router_ip": null,
            "prohibit_internet_ingress": false,
            "prohibit_public_ip_on_vnic": false,
            "route_table_id": "ocid1.routetable.oc1.mx-queretaro-1.aaaaaaaavs7cw4iyyuyjzukvd6oca4dy26e53xhhwr5u3lheagn6q75qma3a",
            "security_list_ids": [
              "ocid1.securitylist.oc1.mx-queretaro-1.aaaaaaaadwb6zzf3blwuzbpcsyitrs6iu3srbeec3l55m5ge67rym2rnw62q"
            ],
            "state": "AVAILABLE",
            "subnet_domain_name": null,
            "time_created": "2023-09-24 21:46:45.673 +0000 UTC",
            "timeouts": null,
            "vcn_id": "ocid1.vcn.oc1.mx-queretaro-1.amaaaaaaj4bgstya6fsisid7mn2ti6o2soiuefvqnoxu4vwjapn4wgw7ob2a",
            "virtual_router_ip": "10.0.0.1",
            "virtual_router_mac": "00:00:17:93:DB:DC"
          },
          "sensitive_attributes": [],
          "private": "eyJlMmJmYjczMC1lY2FhLTExZTYtOGY4OC0zNDM2M2JjN2M0YzAiOnsiY3JlYXRlIjoxMjAwMDAwMDAwMDAwLCJkZWxldGUiOjEyMDAwMDAwMDAwMDAsInVwZGF0ZSI6MTIwMDAwMDAwMDAwMH19",
          "dependencies": [
            "module.vcn.oci_core_vcn.vcn"
          ]
        }
      ]
    },
    {
      "module": "module.vcn",
      "mode": "data",
      "type": "oci_core_services",
      "name": "all_oci_services",
      "provider": "provider[\"registry.terraform.io/hashicorp/oci\"]",
      "instances": [
        {
          "index_key": 0,
          "schema_version": 0,
          "attributes": {
            "filter": [
              {
                "name": "name",
                "regex": true,
                "values": [
                  "All .* Services In Oracle Services Network"
                ]
              }
            ],
            "id": "CoreServicesDataSource-0",
            "services": [
              {
                "cidr_block": "all-qro-services-in-oracle-services-network",
                "description": "All QRO Services In Oracle Services Network",
                "id": "ocid1.service.oc1.mx-queretaro-1.aaaaaaaayvg3nrjmjfutkwgtod4g36arka7blin2p3e4fhc5ryv5ciqf7vaq",
                "name": "All QRO Services In Oracle Services Network"
              }
            ]
          },
          "sensitive_attributes": []
        }
      ]
    },
    {
      "module": "module.vcn",
      "mode": "managed",
      "type": "oci_core_default_security_list",
      "name": "lockdown",
      "provider": "provider[\"registry.terraform.io/hashicorp/oci\"]",
      "instances": [
        {
          "index_key": 0,
          "schema_version": 0,
          "attributes": {
            "compartment_id": "ocid1.compartment.oc1..aaaaaaaaanuexwp2hslm6ihctfgrgtkwbn2ozsixptvdn6b7gfnb23bts2ya",
            "defined_tags": {
              "Oracle-Tags.CreatedBy": "oracleidentitycloudservice/kelvinnb@estudiantec.cr",
              "Oracle-Tags.CreatedOn": "2023-09-24T20:51:04.723Z"
            },
            "display_name": "Default Security List for vcn-For-Personal-Proyect",
            "egress_security_rules": [],
            "freeform_tags": {
              "module": "oracle-terraform-modules/vcn/oci",
              "terraformed": "Please do not edit manually"
            },
            "id": "ocid1.securitylist.oc1.mx-queretaro-1.aaaaaaaadwb6zzf3blwuzbpcsyitrs6iu3srbeec3l55m5ge67rym2rnw62q",
            "ingress_security_rules": [],
            "manage_default_resource_id": "ocid1.securitylist.oc1.mx-queretaro-1.aaaaaaaadwb6zzf3blwuzbpcsyitrs6iu3srbeec3l55m5ge67rym2rnw62q",
            "state": "AVAILABLE",
            "time_created": "2023-09-24 20:51:04.887 +0000 UTC",
            "timeouts": null
          },
          "sensitive_attributes": [],
          "private": "eyJlMmJmYjczMC1lY2FhLTExZTYtOGY4OC0zNDM2M2JjN2M0YzAiOnsiY3JlYXRlIjoxMjAwMDAwMDAwMDAwLCJkZWxldGUiOjEyMDAwMDAwMDAwMDAsInVwZGF0ZSI6MTIwMDAwMDAwMDAwMH19",
          "dependencies": [
            "module.vcn.oci_core_vcn.vcn"
          ]
        }
      ]
    },
    {
      "module": "module.vcn",
      "mode": "managed",
      "type": "oci_core_internet_gateway",
      "name": "ig",
      "provider": "provider[\"registry.terraform.io/hashicorp/oci\"]",
      "instances": [
        {
          "index_key": 0,
          "schema_version": 0,
          "attributes": {
            "compartment_id": "ocid1.compartment.oc1..aaaaaaaaanuexwp2hslm6ihctfgrgtkwbn2ozsixptvdn6b7gfnb23bts2ya",
            "defined_tags": {
              "Oracle-Tags.CreatedBy": "oracleidentitycloudservice/kelvinnb@estudiantec.cr",
              "Oracle-Tags.CreatedOn": "2023-09-24T20:51:05.922Z"
            },
            "display_name": "internet-gateway",
            "enabled": true,
            "freeform_tags": {
              "module": "oracle-terraform-modules/vcn/oci",
              "terraformed": "Please do not edit manually"
            },
            "id": "ocid1.internetgateway.oc1.mx-queretaro-1.aaaaaaaacgurer4cd6khrxl2fpeyavalzyuiteskliuywkst5u4xk6npnn7q",
            "route_table_id": null,
            "state": "AVAILABLE",
            "time_created": "2023-09-24 20:51:05.959 +0000 UTC",
            "timeouts": null,
            "vcn_id": "ocid1.vcn.oc1.mx-queretaro-1.amaaaaaaj4bgstya6fsisid7mn2ti6o2soiuefvqnoxu4vwjapn4wgw7ob2a"
          },
          "sensitive_attributes": [],
          "private": "eyJlMmJmYjczMC1lY2FhLTExZTYtOGY4OC0zNDM2M2JjN2M0YzAiOnsiY3JlYXRlIjoxMjAwMDAwMDAwMDAwLCJkZWxldGUiOjEyMDAwMDAwMDAwMDAsInVwZGF0ZSI6MTIwMDAwMDAwMDAwMH19",
          "dependencies": [
            "module.vcn.oci_core_vcn.vcn"
          ]
        }
      ]
    },
    {
      "module": "module.vcn",
      "mode": "managed",
      "type": "oci_core_nat_gateway",
      "name": "nat_gateway",
      "provider": "provider[\"registry.terraform.io/hashicorp/oci\"]",
      "instances": [
        {
          "index_key": 0,
          "schema_version": 0,
          "attributes": {
            "block_traffic": false,
            "compartment_id": "ocid1.compartment.oc1..aaaaaaaaanuexwp2hslm6ihctfgrgtkwbn2ozsixptvdn6b7gfnb23bts2ya",
            "defined_tags": {
              "Oracle-Tags.CreatedBy": "oracleidentitycloudservice/kelvinnb@estudiantec.cr",
              "Oracle-Tags.CreatedOn": "2023-09-24T20:51:05.631Z"
            },
            "display_name": "nat-gateway",
            "freeform_tags": {
              "module": "oracle-terraform-modules/vcn/oci",
              "terraformed": "Please do not edit manually"
            },
            "id": "ocid1.natgateway.oc1.mx-queretaro-1.aaaaaaaaww6go5kvadbeeyluhzt3tnockzxiep44pgluesgry5xt4vdx5g6a",
            "nat_ip": "140.84.169.245",
            "public_ip_id": "ocid1.publicip.oc1.mx-queretaro-1.aaaaaaaa6gywyyjtvj2xfsdb4yygttxkumxvahvhrieqv2jtt6usnpwv4wtq",
            "route_table_id": null,
            "state": "AVAILABLE",
            "time_created": "2023-09-24 20:51:05.979 +0000 UTC",
            "timeouts": null,
            "vcn_id": "ocid1.vcn.oc1.mx-queretaro-1.amaaaaaaj4bgstya6fsisid7mn2ti6o2soiuefvqnoxu4vwjapn4wgw7ob2a"
          },
          "sensitive_attributes": [],
          "private": "eyJlMmJmYjczMC1lY2FhLTExZTYtOGY4OC0zNDM2M2JjN2M0YzAiOnsiY3JlYXRlIjoxMjAwMDAwMDAwMDAwLCJkZWxldGUiOjEyMDAwMDAwMDAwMDAsInVwZGF0ZSI6MTIwMDAwMDAwMDAwMH19",
          "dependencies": [
            "module.vcn.oci_core_vcn.vcn"
          ]
        }
      ]
    },
    {
      "module": "module.vcn",
      "mode": "managed",
      "type": "oci_core_route_table",
      "name": "ig",
      "provider": "provider[\"registry.terraform.io/hashicorp/oci\"]",
      "instances": [
        {
          "index_key": 0,
          "schema_version": 0,
          "attributes": {
            "compartment_id": "ocid1.compartment.oc1..aaaaaaaaanuexwp2hslm6ihctfgrgtkwbn2ozsixptvdn6b7gfnb23bts2ya",
            "defined_tags": {
              "Oracle-Tags.CreatedBy": "oracleidentitycloudservice/kelvinnb@estudiantec.cr",
              "Oracle-Tags.CreatedOn": "2023-09-24T20:51:06.537Z"
            },
            "display_name": "internet-route",
            "freeform_tags": {
              "module": "oracle-terraform-modules/vcn/oci",
              "terraformed": "Please do not edit manually"
            },
            "id": "ocid1.routetable.oc1.mx-queretaro-1.aaaaaaaaz2tij3yk4hao3icwz5utonp5n5mmvivzxw4dxk273o4gaoyv5cka",
            "route_rules": [
              {
                "cidr_block": "",
                "description": "Terraformed - Auto-generated at Internet Gateway creation: Internet Gateway as default gateway",
                "destination": "0.0.0.0/0",
                "destination_type": "CIDR_BLOCK",
                "network_entity_id": "ocid1.internetgateway.oc1.mx-queretaro-1.aaaaaaaacgurer4cd6khrxl2fpeyavalzyuiteskliuywkst5u4xk6npnn7q",
                "route_type": ""
              }
            ],
            "state": "AVAILABLE",
            "time_created": "2023-09-24 20:51:06.563 +0000 UTC",
            "timeouts": null,
            "vcn_id": "ocid1.vcn.oc1.mx-queretaro-1.amaaaaaaj4bgstya6fsisid7mn2ti6o2soiuefvqnoxu4vwjapn4wgw7ob2a"
          },
          "sensitive_attributes": [],
          "private": "eyJlMmJmYjczMC1lY2FhLTExZTYtOGY4OC0zNDM2M2JjN2M0YzAiOnsiY3JlYXRlIjoxMjAwMDAwMDAwMDAwLCJkZWxldGUiOjEyMDAwMDAwMDAwMDAsInVwZGF0ZSI6MTIwMDAwMDAwMDAwMH19",
          "dependencies": [
            "module.vcn.module.drg_from_vcn_module.oci_core_drg.drg",
            "module.vcn.oci_core_internet_gateway.ig",
            "module.vcn.oci_core_vcn.vcn"
          ]
        }
      ]
    },
    {
      "module": "module.vcn",
      "mode": "managed",
      "type": "oci_core_route_table",
      "name": "nat",
      "provider": "provider[\"registry.terraform.io/hashicorp/oci\"]",
      "instances": [
        {
          "index_key": 0,
          "schema_version": 0,
          "attributes": {
            "compartment_id": "ocid1.compartment.oc1..aaaaaaaaanuexwp2hslm6ihctfgrgtkwbn2ozsixptvdn6b7gfnb23bts2ya",
            "defined_tags": {
              "Oracle-Tags.CreatedBy": "oracleidentitycloudservice/kelvinnb@estudiantec.cr",
              "Oracle-Tags.CreatedOn": "2023-09-24T20:51:07.082Z"
            },
            "display_name": "nat-route",
            "freeform_tags": {
              "module": "oracle-terraform-modules/vcn/oci",
              "terraformed": "Please do not edit manually"
            },
            "id": "ocid1.routetable.oc1.mx-queretaro-1.aaaaaaaay253ekqirhhfqqg2hyt6hpcihx4jxguehjidjde2hed5df6chflq",
            "route_rules": [
              {
                "cidr_block": "",
                "description": "Terraformed - Auto-generated at NAT Gateway creation: NAT Gateway as default gateway",
                "destination": "0.0.0.0/0",
                "destination_type": "CIDR_BLOCK",
                "network_entity_id": "ocid1.natgateway.oc1.mx-queretaro-1.aaaaaaaaww6go5kvadbeeyluhzt3tnockzxiep44pgluesgry5xt4vdx5g6a",
                "route_type": ""
              },
              {
                "cidr_block": "",
                "description": "Terraformed - Auto-generated at Service Gateway creation: All Services in region to Service Gateway",
                "destination": "all-qro-services-in-oracle-services-network",
                "destination_type": "SERVICE_CIDR_BLOCK",
                "network_entity_id": "ocid1.servicegateway.oc1.mx-queretaro-1.aaaaaaaa7hjs7ylwa46mvvl67ui5beyz3s2dovhguzxucgitvyprcaclowoq",
                "route_type": ""
              }
            ],
            "state": "AVAILABLE",
            "time_created": "2023-09-24 20:51:07.117 +0000 UTC",
            "timeouts": null,
            "vcn_id": "ocid1.vcn.oc1.mx-queretaro-1.amaaaaaaj4bgstya6fsisid7mn2ti6o2soiuefvqnoxu4vwjapn4wgw7ob2a"
          },
          "sensitive_attributes": [],
          "private": "eyJlMmJmYjczMC1lY2FhLTExZTYtOGY4OC0zNDM2M2JjN2M0YzAiOnsiY3JlYXRlIjoxMjAwMDAwMDAwMDAwLCJkZWxldGUiOjEyMDAwMDAwMDAwMDAsInVwZGF0ZSI6MTIwMDAwMDAwMDAwMH19",
          "dependencies": [
            "module.vcn.data.oci_core_services.all_oci_services",
            "module.vcn.module.drg_from_vcn_module.oci_core_drg.drg",
            "module.vcn.oci_core_nat_gateway.nat_gateway",
            "module.vcn.oci_core_service_gateway.service_gateway",
            "module.vcn.oci_core_vcn.vcn"
          ]
        }
      ]
    },
    {
      "module": "module.vcn",
      "mode": "managed",
      "type": "oci_core_service_gateway",
      "name": "service_gateway",
      "provider": "provider[\"registry.terraform.io/hashicorp/oci\"]",
      "instances": [
        {
          "index_key": 0,
          "schema_version": 0,
          "attributes": {
            "block_traffic": false,
            "compartment_id": "ocid1.compartment.oc1..aaaaaaaaanuexwp2hslm6ihctfgrgtkwbn2ozsixptvdn6b7gfnb23bts2ya",
            "defined_tags": {
              "Oracle-Tags.CreatedBy": "oracleidentitycloudservice/kelvinnb@estudiantec.cr",
              "Oracle-Tags.CreatedOn": "2023-09-24T20:51:05.923Z"
            },
            "display_name": "service-gateway",
            "freeform_tags": {
              "module": "oracle-terraform-modules/vcn/oci",
              "terraformed": "Please do not edit manually"
            },
            "id": "ocid1.servicegateway.oc1.mx-queretaro-1.aaaaaaaa7hjs7ylwa46mvvl67ui5beyz3s2dovhguzxucgitvyprcaclowoq",
            "route_table_id": null,
            "services": [
              {
                "service_id": "ocid1.service.oc1.mx-queretaro-1.aaaaaaaayvg3nrjmjfutkwgtod4g36arka7blin2p3e4fhc5ryv5ciqf7vaq",
                "service_name": "All QRO Services In Oracle Services Network"
              }
            ],
            "state": "AVAILABLE",
            "time_created": "2023-09-24 20:51:06.308 +0000 UTC",
            "timeouts": null,
            "vcn_id": "ocid1.vcn.oc1.mx-queretaro-1.amaaaaaaj4bgstya6fsisid7mn2ti6o2soiuefvqnoxu4vwjapn4wgw7ob2a"
          },
          "sensitive_attributes": [],
          "private": "eyJlMmJmYjczMC1lY2FhLTExZTYtOGY4OC0zNDM2M2JjN2M0YzAiOnsiY3JlYXRlIjoxMjAwMDAwMDAwMDAwLCJkZWxldGUiOjEyMDAwMDAwMDAwMDAsInVwZGF0ZSI6MTIwMDAwMDAwMDAwMH19",
          "dependencies": [
            "module.vcn.data.oci_core_services.all_oci_services",
            "module.vcn.oci_core_vcn.vcn"
          ]
        }
      ]
    },
    {
      "module": "module.vcn",
      "mode": "managed",
      "type": "oci_core_vcn",
      "name": "vcn",
      "provider": "provider[\"registry.terraform.io/hashicorp/oci\"]",
      "instances": [
        {
          "schema_version": 0,
          "attributes": {
            "byoipv6cidr_blocks": [],
            "byoipv6cidr_details": [],
            "cidr_block": "10.0.0.0/16",
            "cidr_blocks": [
              "10.0.0.0/16"
            ],
            "compartment_id": "ocid1.compartment.oc1..aaaaaaaaanuexwp2hslm6ihctfgrgtkwbn2ozsixptvdn6b7gfnb23bts2ya",
            "default_dhcp_options_id": "ocid1.dhcpoptions.oc1.mx-queretaro-1.aaaaaaaajywx5yvb4h3eos6a56xyalfnljtngzrp7czfqix5v7i5yapsrlaa",
            "default_route_table_id": "ocid1.routetable.oc1.mx-queretaro-1.aaaaaaaavs7cw4iyyuyjzukvd6oca4dy26e53xhhwr5u3lheagn6q75qma3a",
            "default_security_list_id": "ocid1.securitylist.oc1.mx-queretaro-1.aaaaaaaadwb6zzf3blwuzbpcsyitrs6iu3srbeec3l55m5ge67rym2rnw62q",
            "defined_tags": {
              "Oracle-Tags.CreatedBy": "oracleidentitycloudservice/kelvinnb@estudiantec.cr",
              "Oracle-Tags.CreatedOn": "2023-09-24T20:51:04.723Z"
            },
            "display_name": "vcn-For-Personal-Proyect",
            "dns_label": "personalproyect",
            "freeform_tags": {
              "module": "oracle-terraform-modules/vcn/oci",
              "terraformed": "Please do not edit manually"
            },
            "id": "ocid1.vcn.oc1.mx-queretaro-1.amaaaaaaj4bgstya6fsisid7mn2ti6o2soiuefvqnoxu4vwjapn4wgw7ob2a",
            "ipv6cidr_blocks": [],
            "ipv6private_cidr_blocks": [],
            "is_ipv6enabled": false,
            "is_oracle_gua_allocation_enabled": null,
            "state": "AVAILABLE",
            "time_created": "2023-09-24 20:51:04.887 +0000 UTC",
            "timeouts": null,
            "vcn_domain_name": "personalproyect.oraclevcn.com"
          },
          "sensitive_attributes": [],
          "private": "eyJlMmJmYjczMC1lY2FhLTExZTYtOGY4OC0zNDM2M2JjN2M0YzAiOnsiY3JlYXRlIjoxMjAwMDAwMDAwMDAwLCJkZWxldGUiOjEyMDAwMDAwMDAwMDAsInVwZGF0ZSI6MTIwMDAwMDAwMDAwMH19"
        }
      ]
    }
  ],
  "check_results": null
}
